// !$*UTF8*$!
{
	archiveVersion = 1;
	classes = {
	};
	objectVersion = 56;
	objects = {

/* Begin PBXBuildFile section */
		9EB758842CCCC0E600D77F6B /* AppDelegate.swift in Sources */ = {isa = PBXBuildFile; fileRef = 9EB758832CCCC0E600D77F6B /* AppDelegate.swift */; };
		9EB7588E2CCCC0E700D77F6B /* OfcourseTodoApp.xcdatamodeld in Sources */ = {isa = PBXBuildFile; fileRef = 9EB7588C2CCCC0E600D77F6B /* OfcourseTodoApp.xcdatamodeld */; };
		9EB758902CCCC0E800D77F6B /* Assets.xcassets in Resources */ = {isa = PBXBuildFile; fileRef = 9EB7588F2CCCC0E800D77F6B /* Assets.xcassets */; };
		9EB758932CCCC0E800D77F6B /* Base in Resources */ = {isa = PBXBuildFile; fileRef = 9EB758922CCCC0E800D77F6B /* Base */; };
		9EB7589E2CCCC0E800D77F6B /* OfcourseTodoAppTests.swift in Sources */ = {isa = PBXBuildFile; fileRef = 9EB7589D2CCCC0E800D77F6B /* OfcourseTodoAppTests.swift */; };
		9EB758A82CCCC0E800D77F6B /* OfcourseTodoAppUITests.swift in Sources */ = {isa = PBXBuildFile; fileRef = 9EB758A72CCCC0E800D77F6B /* OfcourseTodoAppUITests.swift */; };
		9EB758AA2CCCC0E900D77F6B /* OfcourseTodoAppUITestsLaunchTests.swift in Sources */ = {isa = PBXBuildFile; fileRef = 9EB758A92CCCC0E800D77F6B /* OfcourseTodoAppUITestsLaunchTests.swift */; };
		9EB758B92CCCC20100D77F6B /* MainCoordinator.swift in Sources */ = {isa = PBXBuildFile; fileRef = 9EB758B82CCCC20100D77F6B /* MainCoordinator.swift */; };
		9EB758BC2CCCC35600D77F6B /* IBaseCoordinator.swift in Sources */ = {isa = PBXBuildFile; fileRef = 9EB758BB2CCCC35600D77F6B /* IBaseCoordinator.swift */; };
		9EB758BE2CCCC3A700D77F6B /* BaseCoordinator.swift in Sources */ = {isa = PBXBuildFile; fileRef = 9EB758BD2CCCC3A700D77F6B /* BaseCoordinator.swift */; };
		9EB758C32CCCC5F500D77F6B /* DependencyContainer.swift in Sources */ = {isa = PBXBuildFile; fileRef = 9EB758C22CCCC5F500D77F6B /* DependencyContainer.swift */; };
		9EB758DA2CCCD0BF00D77F6B /* CoreDataTaskDatabase.swift in Sources */ = {isa = PBXBuildFile; fileRef = 9EB758D92CCCD0BF00D77F6B /* CoreDataTaskDatabase.swift */; };
		9EB758DD2CCCD27B00D77F6B /* TaskObject.swift in Sources */ = {isa = PBXBuildFile; fileRef = 9EB758DC2CCCD27B00D77F6B /* TaskObject.swift */; };
		9EB758F02CCCE21C00D77F6B /* TaskEntity+CoreDataClass.swift in Sources */ = {isa = PBXBuildFile; fileRef = 9EB758EE2CCCE21C00D77F6B /* TaskEntity+CoreDataClass.swift */; };
		9EB758F12CCCE21C00D77F6B /* TaskEntity+CoreDataProperties.swift in Sources */ = {isa = PBXBuildFile; fileRef = 9EB758EF2CCCE21C00D77F6B /* TaskEntity+CoreDataProperties.swift */; };
		9EB758F32CCCE2A700D77F6B /* TaskMapper.swift in Sources */ = {isa = PBXBuildFile; fileRef = 9EB758F22CCCE2A700D77F6B /* TaskMapper.swift */; };
		9EB758F72CCCF83400D77F6B /* CoreDataTaskDatabaseTests.swift in Sources */ = {isa = PBXBuildFile; fileRef = 9EB758F62CCCF83400D77F6B /* CoreDataTaskDatabaseTests.swift */; };
		9EE0AA4B2CCD6BD2009359D2 /* TaskRepositoryProtocol.swift in Sources */ = {isa = PBXBuildFile; fileRef = 9EE0AA4A2CCD6BD2009359D2 /* TaskRepositoryProtocol.swift */; };
		9EE0AA4F2CCD6CA7009359D2 /* TaskRepository.swift in Sources */ = {isa = PBXBuildFile; fileRef = 9EE0AA4E2CCD6CA7009359D2 /* TaskRepository.swift */; };
		9EE80C842CCECD59007F44DB /* TaskRepositoryTests.swift in Sources */ = {isa = PBXBuildFile; fileRef = 9EE80C832CCECD59007F44DB /* TaskRepositoryTests.swift */; };
		9EE80C872CCECDC1007F44DB /* MockTaskDatabase.swift in Sources */ = {isa = PBXBuildFile; fileRef = 9EE80C862CCECDC1007F44DB /* MockTaskDatabase.swift */; };
		9EE80C8A2CCED35A007F44DB /* AddNewTaskUseCase.swift in Sources */ = {isa = PBXBuildFile; fileRef = 9EE80C892CCED35A007F44DB /* AddNewTaskUseCase.swift */; };
		9EE80C8D2CCED67F007F44DB /* TaskValidationService.swift in Sources */ = {isa = PBXBuildFile; fileRef = 9EE80C8C2CCED67F007F44DB /* TaskValidationService.swift */; };
		9EE80C912CCEEA09007F44DB /* TaskValidationServiceTests.swift in Sources */ = {isa = PBXBuildFile; fileRef = 9EE80C902CCEEA09007F44DB /* TaskValidationServiceTests.swift */; };
		9EE80C972CCF86AE007F44DB /* MockTaskRepository.swift in Sources */ = {isa = PBXBuildFile; fileRef = 9EE80C962CCF86AE007F44DB /* MockTaskRepository.swift */; };
		9EE80C992CCF8B51007F44DB /* MockTaskValidationService.swift in Sources */ = {isa = PBXBuildFile; fileRef = 9EE80C982CCF8B51007F44DB /* MockTaskValidationService.swift */; };
		9EE80C9B2CCF8B84007F44DB /* TaskUseCaseTests.swift in Sources */ = {isa = PBXBuildFile; fileRef = 9EE80C9A2CCF8B84007F44DB /* TaskUseCaseTests.swift */; };
		9EE80CA12CCF8E5D007F44DB /* AppFlowCoordinator.swift in Sources */ = {isa = PBXBuildFile; fileRef = 9EE80CA02CCF8E5D007F44DB /* AppFlowCoordinator.swift */; };
		9EE80CB42CCFC0A3007F44DB /* TaskListViewController.swift in Sources */ = {isa = PBXBuildFile; fileRef = 9EE80CB22CCFC0A3007F44DB /* TaskListViewController.swift */; };
		9EE80CB52CCFC0A3007F44DB /* TaskListViewController.xib in Resources */ = {isa = PBXBuildFile; fileRef = 9EE80CB32CCFC0A3007F44DB /* TaskListViewController.xib */; };
		9EE80CB72CD03E02007F44DB /* TaskListViewModel.swift in Sources */ = {isa = PBXBuildFile; fileRef = 9EE80CB62CD03E02007F44DB /* TaskListViewModel.swift */; };
		9EE80CB92CD288F4007F44DB /* TaskActionsUseCase.swift in Sources */ = {isa = PBXBuildFile; fileRef = 9EE80CB82CD288F4007F44DB /* TaskActionsUseCase.swift */; };
		9EE80CBB2CD2891F007F44DB /* ChangeTaskStatusUseCase.swift in Sources */ = {isa = PBXBuildFile; fileRef = 9EE80CBA2CD2891F007F44DB /* ChangeTaskStatusUseCase.swift */; };
		9EE80CBD2CD2894C007F44DB /* FetchTasksUseCase.swift in Sources */ = {isa = PBXBuildFile; fileRef = 9EE80CBC2CD2894C007F44DB /* FetchTasksUseCase.swift */; };
		9EE80CC02CD2CF79007F44DB /* RxCocoa in Frameworks */ = {isa = PBXBuildFile; productRef = 9EE80CBF2CD2CF79007F44DB /* RxCocoa */; };
		9EE80CC22CD2CF79007F44DB /* RxRelay in Frameworks */ = {isa = PBXBuildFile; productRef = 9EE80CC12CD2CF79007F44DB /* RxRelay */; };
		9EE80CC52CD366AF007F44DB /* TaskListCell.swift in Sources */ = {isa = PBXBuildFile; fileRef = 9EE80CC42CD366AF007F44DB /* TaskListCell.swift */; };
		9EE80CCA2CD3ECA0007F44DB /* NewTaskViewController.xib in Resources */ = {isa = PBXBuildFile; fileRef = 9EE80CC92CD3ECA0007F44DB /* NewTaskViewController.xib */; };
		9EE80CCB2CD3ECA0007F44DB /* NewTaskViewController.swift in Sources */ = {isa = PBXBuildFile; fileRef = 9EE80CC82CD3ECA0007F44DB /* NewTaskViewController.swift */; };
		9EE80CCE2CD3F8BA007F44DB /* NewTaskViewModel.swift in Sources */ = {isa = PBXBuildFile; fileRef = 9EE80CCD2CD3F8BA007F44DB /* NewTaskViewModel.swift */; };
		9EE80CD02CD3FD62007F44DB /* AppAppearance.swift in Sources */ = {isa = PBXBuildFile; fileRef = 9EE80CCF2CD3FD62007F44DB /* AppAppearance.swift */; };
/* End PBXBuildFile section */

/* Begin PBXContainerItemProxy section */
		9EB7589A2CCCC0E800D77F6B /* PBXContainerItemProxy */ = {
			isa = PBXContainerItemProxy;
			containerPortal = 9EB758782CCCC0E600D77F6B /* Project object */;
			proxyType = 1;
			remoteGlobalIDString = 9EB7587F2CCCC0E600D77F6B;
			remoteInfo = OfcourseTodoApp;
		};
		9EB758A42CCCC0E800D77F6B /* PBXContainerItemProxy */ = {
			isa = PBXContainerItemProxy;
			containerPortal = 9EB758782CCCC0E600D77F6B /* Project object */;
			proxyType = 1;
			remoteGlobalIDString = 9EB7587F2CCCC0E600D77F6B;
			remoteInfo = OfcourseTodoApp;
		};
/* End PBXContainerItemProxy section */

/* Begin PBXCopyFilesBuildPhase section */
		9EC9C8332CCEB1BD00B1ACBD /* Embed Frameworks */ = {
			isa = PBXCopyFilesBuildPhase;
			buildActionMask = 2147483647;
			dstPath = "";
			dstSubfolderSpec = 10;
			files = (
			);
			name = "Embed Frameworks";
			runOnlyForDeploymentPostprocessing = 0;
		};
/* End PBXCopyFilesBuildPhase section */

/* Begin PBXFileReference section */
		9EB758802CCCC0E600D77F6B /* OfcourseTodoApp.app */ = {isa = PBXFileReference; explicitFileType = wrapper.application; includeInIndex = 0; path = OfcourseTodoApp.app; sourceTree = BUILT_PRODUCTS_DIR; };
		9EB758832CCCC0E600D77F6B /* AppDelegate.swift */ = {isa = PBXFileReference; lastKnownFileType = sourcecode.swift; path = AppDelegate.swift; sourceTree = "<group>"; };
		9EB7588D2CCCC0E600D77F6B /* OfcourseTodoApp.xcdatamodel */ = {isa = PBXFileReference; lastKnownFileType = wrapper.xcdatamodel; path = OfcourseTodoApp.xcdatamodel; sourceTree = "<group>"; };
		9EB7588F2CCCC0E800D77F6B /* Assets.xcassets */ = {isa = PBXFileReference; lastKnownFileType = folder.assetcatalog; path = Assets.xcassets; sourceTree = "<group>"; };
		9EB758922CCCC0E800D77F6B /* Base */ = {isa = PBXFileReference; lastKnownFileType = file.storyboard; name = Base; path = Base.lproj/LaunchScreen.storyboard; sourceTree = "<group>"; };
		9EB758942CCCC0E800D77F6B /* Info.plist */ = {isa = PBXFileReference; lastKnownFileType = text.plist.xml; path = Info.plist; sourceTree = "<group>"; };
		9EB758992CCCC0E800D77F6B /* OfcourseTodoAppTests.xctest */ = {isa = PBXFileReference; explicitFileType = wrapper.cfbundle; includeInIndex = 0; path = OfcourseTodoAppTests.xctest; sourceTree = BUILT_PRODUCTS_DIR; };
		9EB7589D2CCCC0E800D77F6B /* OfcourseTodoAppTests.swift */ = {isa = PBXFileReference; lastKnownFileType = sourcecode.swift; path = OfcourseTodoAppTests.swift; sourceTree = "<group>"; };
		9EB758A32CCCC0E800D77F6B /* OfcourseTodoAppUITests.xctest */ = {isa = PBXFileReference; explicitFileType = wrapper.cfbundle; includeInIndex = 0; path = OfcourseTodoAppUITests.xctest; sourceTree = BUILT_PRODUCTS_DIR; };
		9EB758A72CCCC0E800D77F6B /* OfcourseTodoAppUITests.swift */ = {isa = PBXFileReference; lastKnownFileType = sourcecode.swift; path = OfcourseTodoAppUITests.swift; sourceTree = "<group>"; };
		9EB758A92CCCC0E800D77F6B /* OfcourseTodoAppUITestsLaunchTests.swift */ = {isa = PBXFileReference; lastKnownFileType = sourcecode.swift; path = OfcourseTodoAppUITestsLaunchTests.swift; sourceTree = "<group>"; };
		9EB758B82CCCC20100D77F6B /* MainCoordinator.swift */ = {isa = PBXFileReference; lastKnownFileType = sourcecode.swift; path = MainCoordinator.swift; sourceTree = "<group>"; };
		9EB758BB2CCCC35600D77F6B /* IBaseCoordinator.swift */ = {isa = PBXFileReference; lastKnownFileType = sourcecode.swift; path = IBaseCoordinator.swift; sourceTree = "<group>"; };
		9EB758BD2CCCC3A700D77F6B /* BaseCoordinator.swift */ = {isa = PBXFileReference; lastKnownFileType = sourcecode.swift; path = BaseCoordinator.swift; sourceTree = "<group>"; };
		9EB758C22CCCC5F500D77F6B /* DependencyContainer.swift */ = {isa = PBXFileReference; lastKnownFileType = sourcecode.swift; path = DependencyContainer.swift; sourceTree = "<group>"; };
		9EB758D92CCCD0BF00D77F6B /* CoreDataTaskDatabase.swift */ = {isa = PBXFileReference; lastKnownFileType = sourcecode.swift; path = CoreDataTaskDatabase.swift; sourceTree = "<group>"; };
		9EB758DC2CCCD27B00D77F6B /* TaskObject.swift */ = {isa = PBXFileReference; lastKnownFileType = sourcecode.swift; path = TaskObject.swift; sourceTree = "<group>"; };
		9EB758EE2CCCE21C00D77F6B /* TaskEntity+CoreDataClass.swift */ = {isa = PBXFileReference; lastKnownFileType = sourcecode.swift; path = "TaskEntity+CoreDataClass.swift"; sourceTree = "<group>"; };
		9EB758EF2CCCE21C00D77F6B /* TaskEntity+CoreDataProperties.swift */ = {isa = PBXFileReference; lastKnownFileType = sourcecode.swift; path = "TaskEntity+CoreDataProperties.swift"; sourceTree = "<group>"; };
		9EB758F22CCCE2A700D77F6B /* TaskMapper.swift */ = {isa = PBXFileReference; lastKnownFileType = sourcecode.swift; path = TaskMapper.swift; sourceTree = "<group>"; };
		9EB758F62CCCF83400D77F6B /* CoreDataTaskDatabaseTests.swift */ = {isa = PBXFileReference; fileEncoding = 4; lastKnownFileType = sourcecode.swift; path = CoreDataTaskDatabaseTests.swift; sourceTree = "<group>"; };
		9EE0AA4A2CCD6BD2009359D2 /* TaskRepositoryProtocol.swift */ = {isa = PBXFileReference; lastKnownFileType = sourcecode.swift; path = TaskRepositoryProtocol.swift; sourceTree = "<group>"; };
		9EE0AA4E2CCD6CA7009359D2 /* TaskRepository.swift */ = {isa = PBXFileReference; lastKnownFileType = sourcecode.swift; path = TaskRepository.swift; sourceTree = "<group>"; };
		9EE80C832CCECD59007F44DB /* TaskRepositoryTests.swift */ = {isa = PBXFileReference; lastKnownFileType = sourcecode.swift; path = TaskRepositoryTests.swift; sourceTree = "<group>"; };
		9EE80C862CCECDC1007F44DB /* MockTaskDatabase.swift */ = {isa = PBXFileReference; lastKnownFileType = sourcecode.swift; path = MockTaskDatabase.swift; sourceTree = "<group>"; };
		9EE80C892CCED35A007F44DB /* AddNewTaskUseCase.swift */ = {isa = PBXFileReference; lastKnownFileType = sourcecode.swift; path = AddNewTaskUseCase.swift; sourceTree = "<group>"; };
		9EE80C8C2CCED67F007F44DB /* TaskValidationService.swift */ = {isa = PBXFileReference; lastKnownFileType = sourcecode.swift; path = TaskValidationService.swift; sourceTree = "<group>"; };
		9EE80C8F2CCEE1EF007F44DB /* OfcourseTodoApp.xctestplan */ = {isa = PBXFileReference; lastKnownFileType = text; path = OfcourseTodoApp.xctestplan; sourceTree = "<group>"; };
		9EE80C902CCEEA09007F44DB /* TaskValidationServiceTests.swift */ = {isa = PBXFileReference; lastKnownFileType = sourcecode.swift; path = TaskValidationServiceTests.swift; sourceTree = "<group>"; };
		9EE80C962CCF86AE007F44DB /* MockTaskRepository.swift */ = {isa = PBXFileReference; lastKnownFileType = sourcecode.swift; path = MockTaskRepository.swift; sourceTree = "<group>"; };
		9EE80C982CCF8B51007F44DB /* MockTaskValidationService.swift */ = {isa = PBXFileReference; lastKnownFileType = sourcecode.swift; path = MockTaskValidationService.swift; sourceTree = "<group>"; };
		9EE80C9A2CCF8B84007F44DB /* TaskUseCaseTests.swift */ = {isa = PBXFileReference; lastKnownFileType = sourcecode.swift; path = TaskUseCaseTests.swift; sourceTree = "<group>"; };
		9EE80CA02CCF8E5D007F44DB /* AppFlowCoordinator.swift */ = {isa = PBXFileReference; lastKnownFileType = sourcecode.swift; path = AppFlowCoordinator.swift; sourceTree = "<group>"; };
		9EE80CB22CCFC0A3007F44DB /* TaskListViewController.swift */ = {isa = PBXFileReference; lastKnownFileType = sourcecode.swift; path = TaskListViewController.swift; sourceTree = "<group>"; };
		9EE80CB32CCFC0A3007F44DB /* TaskListViewController.xib */ = {isa = PBXFileReference; lastKnownFileType = file.xib; path = TaskListViewController.xib; sourceTree = "<group>"; };
		9EE80CB62CD03E02007F44DB /* TaskListViewModel.swift */ = {isa = PBXFileReference; lastKnownFileType = sourcecode.swift; path = TaskListViewModel.swift; sourceTree = "<group>"; };
		9EE80CB82CD288F4007F44DB /* TaskActionsUseCase.swift */ = {isa = PBXFileReference; lastKnownFileType = sourcecode.swift; path = TaskActionsUseCase.swift; sourceTree = "<group>"; };
		9EE80CBA2CD2891F007F44DB /* ChangeTaskStatusUseCase.swift */ = {isa = PBXFileReference; lastKnownFileType = sourcecode.swift; path = ChangeTaskStatusUseCase.swift; sourceTree = "<group>"; };
		9EE80CBC2CD2894C007F44DB /* FetchTasksUseCase.swift */ = {isa = PBXFileReference; lastKnownFileType = sourcecode.swift; path = FetchTasksUseCase.swift; sourceTree = "<group>"; };
		9EE80CC42CD366AF007F44DB /* TaskListCell.swift */ = {isa = PBXFileReference; lastKnownFileType = sourcecode.swift; path = TaskListCell.swift; sourceTree = "<group>"; };
		9EE80CC82CD3ECA0007F44DB /* NewTaskViewController.swift */ = {isa = PBXFileReference; lastKnownFileType = sourcecode.swift; path = NewTaskViewController.swift; sourceTree = "<group>"; };
		9EE80CC92CD3ECA0007F44DB /* NewTaskViewController.xib */ = {isa = PBXFileReference; lastKnownFileType = file.xib; path = NewTaskViewController.xib; sourceTree = "<group>"; };
		9EE80CCD2CD3F8BA007F44DB /* NewTaskViewModel.swift */ = {isa = PBXFileReference; lastKnownFileType = sourcecode.swift; path = NewTaskViewModel.swift; sourceTree = "<group>"; };
		9EE80CCF2CD3FD62007F44DB /* AppAppearance.swift */ = {isa = PBXFileReference; lastKnownFileType = sourcecode.swift; path = AppAppearance.swift; sourceTree = "<group>"; };
/* End PBXFileReference section */

/* Begin PBXFrameworksBuildPhase section */
		9EB7587D2CCCC0E600D77F6B /* Frameworks */ = {
			isa = PBXFrameworksBuildPhase;
			buildActionMask = 2147483647;
			files = (
				9EE80CC22CD2CF79007F44DB /* RxRelay in Frameworks */,
				9EE80CC02CD2CF79007F44DB /* RxCocoa in Frameworks */,
			);
			runOnlyForDeploymentPostprocessing = 0;
		};
		9EB758962CCCC0E800D77F6B /* Frameworks */ = {
			isa = PBXFrameworksBuildPhase;
			buildActionMask = 2147483647;
			files = (
			);
			runOnlyForDeploymentPostprocessing = 0;
		};
		9EB758A02CCCC0E800D77F6B /* Frameworks */ = {
			isa = PBXFrameworksBuildPhase;
			buildActionMask = 2147483647;
			files = (
			);
			runOnlyForDeploymentPostprocessing = 0;
		};
/* End PBXFrameworksBuildPhase section */

/* Begin PBXGroup section */
		9EB758772CCCC0E600D77F6B = {
			isa = PBXGroup;
			children = (
				9EE80C8F2CCEE1EF007F44DB /* OfcourseTodoApp.xctestplan */,
				9EB758822CCCC0E600D77F6B /* OfcourseTodoApp */,
				9EB7589C2CCCC0E800D77F6B /* OfcourseTodoAppTests */,
				9EB758A62CCCC0E800D77F6B /* OfcourseTodoAppUITests */,
				9EB758812CCCC0E600D77F6B /* Products */,
			);
			sourceTree = "<group>";
		};
		9EB758812CCCC0E600D77F6B /* Products */ = {
			isa = PBXGroup;
			children = (
				9EB758802CCCC0E600D77F6B /* OfcourseTodoApp.app */,
				9EB758992CCCC0E800D77F6B /* OfcourseTodoAppTests.xctest */,
				9EB758A32CCCC0E800D77F6B /* OfcourseTodoAppUITests.xctest */,
			);
			name = Products;
			sourceTree = "<group>";
		};
		9EB758822CCCC0E600D77F6B /* OfcourseTodoApp */ = {
			isa = PBXGroup;
			children = (
				9EE80C9E2CCF8E01007F44DB /* Application */,
				9EB758B62CCCC1ED00D77F6B /* Presentation */,
				9EB758DB2CCCD26200D77F6B /* Domain */,
				9EB758C02CCCC5E500D77F6B /* Data */,
				9EE80C9F2CCF8E1D007F44DB /* Resources */,
			);
			path = OfcourseTodoApp;
			sourceTree = "<group>";
		};
		9EB7589C2CCCC0E800D77F6B /* OfcourseTodoAppTests */ = {
			isa = PBXGroup;
			children = (
				9EE80C9D2CCF8CDA007F44DB /* Domain */,
				9EE80C9C2CCF8CD4007F44DB /* Data */,
				9EE80C852CCECDAA007F44DB /* Mocks */,
				9EB7589D2CCCC0E800D77F6B /* OfcourseTodoAppTests.swift */,
			);
			path = OfcourseTodoAppTests;
			sourceTree = "<group>";
		};
		9EB758A62CCCC0E800D77F6B /* OfcourseTodoAppUITests */ = {
			isa = PBXGroup;
			children = (
				9EB758A72CCCC0E800D77F6B /* OfcourseTodoAppUITests.swift */,
				9EB758A92CCCC0E800D77F6B /* OfcourseTodoAppUITestsLaunchTests.swift */,
			);
			path = OfcourseTodoAppUITests;
			sourceTree = "<group>";
		};
		9EB758B62CCCC1ED00D77F6B /* Presentation */ = {
			isa = PBXGroup;
			children = (
				9EE80CAE2CCFBEFF007F44DB /* Screens */,
				9EB758B72CCCC1F500D77F6B /* Coordinators */,
			);
			path = Presentation;
			sourceTree = "<group>";
		};
		9EB758B72CCCC1F500D77F6B /* Coordinators */ = {
			isa = PBXGroup;
			children = (
				9EB758BA2CCCC33100D77F6B /* Base */,
				9EB758B82CCCC20100D77F6B /* MainCoordinator.swift */,
			);
			path = Coordinators;
			sourceTree = "<group>";
		};
		9EB758BA2CCCC33100D77F6B /* Base */ = {
			isa = PBXGroup;
			children = (
				9EB758BB2CCCC35600D77F6B /* IBaseCoordinator.swift */,
				9EB758BD2CCCC3A700D77F6B /* BaseCoordinator.swift */,
			);
			path = Base;
			sourceTree = "<group>";
		};
		9EB758C02CCCC5E500D77F6B /* Data */ = {
			isa = PBXGroup;
			children = (
				9EE80C952CCEEAC3007F44DB /* Repositories */,
				9EE80C942CCEEAB9007F44DB /* Helpers */,
				9EE0AA4C2CCD6C49009359D2 /* Local */,
			);
			path = Data;
			sourceTree = "<group>";
		};
		9EB758C12CCCC5EC00D77F6B /* DI */ = {
			isa = PBXGroup;
			children = (
				9EB758C22CCCC5F500D77F6B /* DependencyContainer.swift */,
			);
			path = DI;
			sourceTree = "<group>";
		};
		9EB758CA2CCCCF8400D77F6B /* CoreDataModels */ = {
			isa = PBXGroup;
			children = (
				9EB758EE2CCCE21C00D77F6B /* TaskEntity+CoreDataClass.swift */,
				9EB758EF2CCCE21C00D77F6B /* TaskEntity+CoreDataProperties.swift */,
			);
			path = CoreDataModels;
			sourceTree = "<group>";
		};
		9EB758DB2CCCD26200D77F6B /* Domain */ = {
			isa = PBXGroup;
			children = (
				9EE80C882CCED302007F44DB /* UseCases */,
				9EE80C932CCEEAA1007F44DB /* Repositories */,
				9EE80C922CCEEA8D007F44DB /* Entities */,
				9EE80C8B2CCED671007F44DB /* Services */,
			);
			path = Domain;
			sourceTree = "<group>";
		};
		9EE0AA4C2CCD6C49009359D2 /* Local */ = {
			isa = PBXGroup;
			children = (
				9EE0AA4D2CCD6C6A009359D2 /* CoreData */,
			);
			path = Local;
			sourceTree = "<group>";
		};
		9EE0AA4D2CCD6C6A009359D2 /* CoreData */ = {
			isa = PBXGroup;
			children = (
				9EB758D92CCCD0BF00D77F6B /* CoreDataTaskDatabase.swift */,
				9EB7588C2CCCC0E600D77F6B /* OfcourseTodoApp.xcdatamodeld */,
				9EB758CA2CCCCF8400D77F6B /* CoreDataModels */,
			);
			path = CoreData;
			sourceTree = "<group>";
		};
		9EE80C852CCECDAA007F44DB /* Mocks */ = {
			isa = PBXGroup;
			children = (
				9EE80C862CCECDC1007F44DB /* MockTaskDatabase.swift */,
				9EE80C962CCF86AE007F44DB /* MockTaskRepository.swift */,
				9EE80C982CCF8B51007F44DB /* MockTaskValidationService.swift */,
			);
			path = Mocks;
			sourceTree = "<group>";
		};
		9EE80C882CCED302007F44DB /* UseCases */ = {
			isa = PBXGroup;
			children = (
				9EE80C892CCED35A007F44DB /* AddNewTaskUseCase.swift */,
				9EE80CBC2CD2894C007F44DB /* FetchTasksUseCase.swift */,
				9EE80CB82CD288F4007F44DB /* TaskActionsUseCase.swift */,
				9EE80CBA2CD2891F007F44DB /* ChangeTaskStatusUseCase.swift */,
			);
			path = UseCases;
			sourceTree = "<group>";
		};
		9EE80C8B2CCED671007F44DB /* Services */ = {
			isa = PBXGroup;
			children = (
				9EE80C8C2CCED67F007F44DB /* TaskValidationService.swift */,
			);
			path = Services;
			sourceTree = "<group>";
		};
		9EE80C922CCEEA8D007F44DB /* Entities */ = {
			isa = PBXGroup;
			children = (
				9EB758DC2CCCD27B00D77F6B /* TaskObject.swift */,
			);
			path = Entities;
			sourceTree = "<group>";
		};
		9EE80C932CCEEAA1007F44DB /* Repositories */ = {
			isa = PBXGroup;
			children = (
				9EE0AA4A2CCD6BD2009359D2 /* TaskRepositoryProtocol.swift */,
			);
			path = Repositories;
			sourceTree = "<group>";
		};
		9EE80C942CCEEAB9007F44DB /* Helpers */ = {
			isa = PBXGroup;
			children = (
				9EB758F22CCCE2A700D77F6B /* TaskMapper.swift */,
			);
			path = Helpers;
			sourceTree = "<group>";
		};
		9EE80C952CCEEAC3007F44DB /* Repositories */ = {
			isa = PBXGroup;
			children = (
				9EE0AA4E2CCD6CA7009359D2 /* TaskRepository.swift */,
			);
			path = Repositories;
			sourceTree = "<group>";
		};
		9EE80C9C2CCF8CD4007F44DB /* Data */ = {
			isa = PBXGroup;
			children = (
				9EB758F62CCCF83400D77F6B /* CoreDataTaskDatabaseTests.swift */,
			);
			path = Data;
			sourceTree = "<group>";
		};
		9EE80C9D2CCF8CDA007F44DB /* Domain */ = {
			isa = PBXGroup;
			children = (
				9EE80C832CCECD59007F44DB /* TaskRepositoryTests.swift */,
				9EE80C902CCEEA09007F44DB /* TaskValidationServiceTests.swift */,
				9EE80C9A2CCF8B84007F44DB /* TaskUseCaseTests.swift */,
			);
			path = Domain;
			sourceTree = "<group>";
		};
		9EE80C9E2CCF8E01007F44DB /* Application */ = {
			isa = PBXGroup;
			children = (
				9EB758832CCCC0E600D77F6B /* AppDelegate.swift */,
				9EE80CA02CCF8E5D007F44DB /* AppFlowCoordinator.swift */,
				9EB758C12CCCC5EC00D77F6B /* DI */,
				9EE80CCF2CD3FD62007F44DB /* AppAppearance.swift */,
			);
			path = Application;
			sourceTree = "<group>";
		};
		9EE80C9F2CCF8E1D007F44DB /* Resources */ = {
			isa = PBXGroup;
			children = (
				9EB7588F2CCCC0E800D77F6B /* Assets.xcassets */,
				9EB758912CCCC0E800D77F6B /* LaunchScreen.storyboard */,
				9EB758942CCCC0E800D77F6B /* Info.plist */,
			);
			path = Resources;
			sourceTree = "<group>";
		};
		9EE80CAE2CCFBEFF007F44DB /* Screens */ = {
			isa = PBXGroup;
			children = (
				9EE80CC72CD3EC7D007F44DB /* NewTask */,
				9EE80CAF2CCFBF06007F44DB /* TaskList */,
			);
			path = Screens;
			sourceTree = "<group>";
		};
		9EE80CAF2CCFBF06007F44DB /* TaskList */ = {
			isa = PBXGroup;
			children = (
				9EE80CC32CD36346007F44DB /* Cells */,
				9EE80CB22CCFC0A3007F44DB /* TaskListViewController.swift */,
				9EE80CB32CCFC0A3007F44DB /* TaskListViewController.xib */,
				9EE80CB62CD03E02007F44DB /* TaskListViewModel.swift */,
			);
			path = TaskList;
			sourceTree = "<group>";
		};
		9EE80CC32CD36346007F44DB /* Cells */ = {
			isa = PBXGroup;
			children = (
				9EE80CC42CD366AF007F44DB /* TaskListCell.swift */,
			);
			path = Cells;
			sourceTree = "<group>";
		};
		9EE80CC72CD3EC7D007F44DB /* NewTask */ = {
			isa = PBXGroup;
			children = (
				9EE80CC82CD3ECA0007F44DB /* NewTaskViewController.swift */,
				9EE80CC92CD3ECA0007F44DB /* NewTaskViewController.xib */,
				9EE80CCD2CD3F8BA007F44DB /* NewTaskViewModel.swift */,
			);
			path = NewTask;
			sourceTree = "<group>";
		};
/* End PBXGroup section */

/* Begin PBXNativeTarget section */
		9EB7587F2CCCC0E600D77F6B /* OfcourseTodoApp */ = {
			isa = PBXNativeTarget;
			buildConfigurationList = 9EB758AD2CCCC0E900D77F6B /* Build configuration list for PBXNativeTarget "OfcourseTodoApp" */;
			buildPhases = (
				9EB7587C2CCCC0E600D77F6B /* Sources */,
				9EB7587D2CCCC0E600D77F6B /* Frameworks */,
				9EB7587E2CCCC0E600D77F6B /* Resources */,
				9EC9C8332CCEB1BD00B1ACBD /* Embed Frameworks */,
			);
			buildRules = (
			);
			dependencies = (
			);
			name = OfcourseTodoApp;
			packageProductDependencies = (
				9EE80CBF2CD2CF79007F44DB /* RxCocoa */,
				9EE80CC12CD2CF79007F44DB /* RxRelay */,
			);
			productName = OfcourseTodoApp;
			productReference = 9EB758802CCCC0E600D77F6B /* OfcourseTodoApp.app */;
			productType = "com.apple.product-type.application";
		};
		9EB758982CCCC0E800D77F6B /* OfcourseTodoAppTests */ = {
			isa = PBXNativeTarget;
			buildConfigurationList = 9EB758B02CCCC0E900D77F6B /* Build configuration list for PBXNativeTarget "OfcourseTodoAppTests" */;
			buildPhases = (
				9EB758952CCCC0E800D77F6B /* Sources */,
				9EB758962CCCC0E800D77F6B /* Frameworks */,
				9EB758972CCCC0E800D77F6B /* Resources */,
			);
			buildRules = (
			);
			dependencies = (
				9EB7589B2CCCC0E800D77F6B /* PBXTargetDependency */,
			);
			name = OfcourseTodoAppTests;
			productName = OfcourseTodoAppTests;
			productReference = 9EB758992CCCC0E800D77F6B /* OfcourseTodoAppTests.xctest */;
			productType = "com.apple.product-type.bundle.unit-test";
		};
		9EB758A22CCCC0E800D77F6B /* OfcourseTodoAppUITests */ = {
			isa = PBXNativeTarget;
			buildConfigurationList = 9EB758B32CCCC0E900D77F6B /* Build configuration list for PBXNativeTarget "OfcourseTodoAppUITests" */;
			buildPhases = (
				9EB7589F2CCCC0E800D77F6B /* Sources */,
				9EB758A02CCCC0E800D77F6B /* Frameworks */,
				9EB758A12CCCC0E800D77F6B /* Resources */,
			);
			buildRules = (
			);
			dependencies = (
				9EB758A52CCCC0E800D77F6B /* PBXTargetDependency */,
			);
			name = OfcourseTodoAppUITests;
			productName = OfcourseTodoAppUITests;
			productReference = 9EB758A32CCCC0E800D77F6B /* OfcourseTodoAppUITests.xctest */;
			productType = "com.apple.product-type.bundle.ui-testing";
		};
/* End PBXNativeTarget section */

/* Begin PBXProject section */
		9EB758782CCCC0E600D77F6B /* Project object */ = {
			isa = PBXProject;
			attributes = {
				BuildIndependentTargetsInParallel = 1;
				LastSwiftUpdateCheck = 1530;
				LastUpgradeCheck = 1530;
				TargetAttributes = {
					9EB7587F2CCCC0E600D77F6B = {
						CreatedOnToolsVersion = 15.3;
					};
					9EB758982CCCC0E800D77F6B = {
						CreatedOnToolsVersion = 15.3;
						TestTargetID = 9EB7587F2CCCC0E600D77F6B;
					};
					9EB758A22CCCC0E800D77F6B = {
						CreatedOnToolsVersion = 15.3;
						TestTargetID = 9EB7587F2CCCC0E600D77F6B;
					};
				};
			};
			buildConfigurationList = 9EB7587B2CCCC0E600D77F6B /* Build configuration list for PBXProject "OfcourseTodoApp" */;
			compatibilityVersion = "Xcode 14.0";
			developmentRegion = en;
			hasScannedForEncodings = 0;
			knownRegions = (
				en,
				Base,
			);
			mainGroup = 9EB758772CCCC0E600D77F6B;
			packageReferences = (
				9EE80CBE2CD2CF79007F44DB /* XCRemoteSwiftPackageReference "RxSwift" */,
			);
			productRefGroup = 9EB758812CCCC0E600D77F6B /* Products */;
			projectDirPath = "";
			projectRoot = "";
			targets = (
				9EB7587F2CCCC0E600D77F6B /* OfcourseTodoApp */,
				9EB758982CCCC0E800D77F6B /* OfcourseTodoAppTests */,
				9EB758A22CCCC0E800D77F6B /* OfcourseTodoAppUITests */,
			);
		};
/* End PBXProject section */

/* Begin PBXResourcesBuildPhase section */
		9EB7587E2CCCC0E600D77F6B /* Resources */ = {
			isa = PBXResourcesBuildPhase;
			buildActionMask = 2147483647;
			files = (
				9EB758902CCCC0E800D77F6B /* Assets.xcassets in Resources */,
				9EE80CB52CCFC0A3007F44DB /* TaskListViewController.xib in Resources */,
				9EE80CCA2CD3ECA0007F44DB /* NewTaskViewController.xib in Resources */,
				9EB758932CCCC0E800D77F6B /* Base in Resources */,
			);
			runOnlyForDeploymentPostprocessing = 0;
		};
		9EB758972CCCC0E800D77F6B /* Resources */ = {
			isa = PBXResourcesBuildPhase;
			buildActionMask = 2147483647;
			files = (
			);
			runOnlyForDeploymentPostprocessing = 0;
		};
		9EB758A12CCCC0E800D77F6B /* Resources */ = {
			isa = PBXResourcesBuildPhase;
			buildActionMask = 2147483647;
			files = (
			);
			runOnlyForDeploymentPostprocessing = 0;
		};
/* End PBXResourcesBuildPhase section */

/* Begin PBXSourcesBuildPhase section */
		9EB7587C2CCCC0E600D77F6B /* Sources */ = {
			isa = PBXSourcesBuildPhase;
			buildActionMask = 2147483647;
			files = (
				9EE80CA12CCF8E5D007F44DB /* AppFlowCoordinator.swift in Sources */,
				9EB758C32CCCC5F500D77F6B /* DependencyContainer.swift in Sources */,
				9EE80CCE2CD3F8BA007F44DB /* NewTaskViewModel.swift in Sources */,
				9EE80CBB2CD2891F007F44DB /* ChangeTaskStatusUseCase.swift in Sources */,
				9EB758BC2CCCC35600D77F6B /* IBaseCoordinator.swift in Sources */,
				9EB758DA2CCCD0BF00D77F6B /* CoreDataTaskDatabase.swift in Sources */,
				9EB758BE2CCCC3A700D77F6B /* BaseCoordinator.swift in Sources */,
				9EE80CB72CD03E02007F44DB /* TaskListViewModel.swift in Sources */,
				9EE80C8D2CCED67F007F44DB /* TaskValidationService.swift in Sources */,
				9EE80CB92CD288F4007F44DB /* TaskActionsUseCase.swift in Sources */,
				9EE80C8A2CCED35A007F44DB /* AddNewTaskUseCase.swift in Sources */,
				9EB758F32CCCE2A700D77F6B /* TaskMapper.swift in Sources */,
				9EB758B92CCCC20100D77F6B /* MainCoordinator.swift in Sources */,
				9EB7588E2CCCC0E700D77F6B /* OfcourseTodoApp.xcdatamodeld in Sources */,
				9EB758DD2CCCD27B00D77F6B /* TaskObject.swift in Sources */,
				9EE80CC52CD366AF007F44DB /* TaskListCell.swift in Sources */,
				9EE0AA4B2CCD6BD2009359D2 /* TaskRepositoryProtocol.swift in Sources */,
				9EE0AA4F2CCD6CA7009359D2 /* TaskRepository.swift in Sources */,
				9EB758F02CCCE21C00D77F6B /* TaskEntity+CoreDataClass.swift in Sources */,
				9EE80CD02CD3FD62007F44DB /* AppAppearance.swift in Sources */,
				9EB758F12CCCE21C00D77F6B /* TaskEntity+CoreDataProperties.swift in Sources */,
				9EE80CB42CCFC0A3007F44DB /* TaskListViewController.swift in Sources */,
				9EB758842CCCC0E600D77F6B /* AppDelegate.swift in Sources */,
				9EE80CBD2CD2894C007F44DB /* FetchTasksUseCase.swift in Sources */,
				9EE80CCB2CD3ECA0007F44DB /* NewTaskViewController.swift in Sources */,
			);
			runOnlyForDeploymentPostprocessing = 0;
		};
		9EB758952CCCC0E800D77F6B /* Sources */ = {
			isa = PBXSourcesBuildPhase;
			buildActionMask = 2147483647;
			files = (
				9EE80C9B2CCF8B84007F44DB /* TaskUseCaseTests.swift in Sources */,
				9EE80C972CCF86AE007F44DB /* MockTaskRepository.swift in Sources */,
				9EE80C992CCF8B51007F44DB /* MockTaskValidationService.swift in Sources */,
				9EE80C912CCEEA09007F44DB /* TaskValidationServiceTests.swift in Sources */,
				9EE80C842CCECD59007F44DB /* TaskRepositoryTests.swift in Sources */,
				9EB7589E2CCCC0E800D77F6B /* OfcourseTodoAppTests.swift in Sources */,
				9EB758F72CCCF83400D77F6B /* CoreDataTaskDatabaseTests.swift in Sources */,
				9EE80C872CCECDC1007F44DB /* MockTaskDatabase.swift in Sources */,
			);
			runOnlyForDeploymentPostprocessing = 0;
		};
		9EB7589F2CCCC0E800D77F6B /* Sources */ = {
			isa = PBXSourcesBuildPhase;
			buildActionMask = 2147483647;
			files = (
				9EB758AA2CCCC0E900D77F6B /* OfcourseTodoAppUITestsLaunchTests.swift in Sources */,
				9EB758A82CCCC0E800D77F6B /* OfcourseTodoAppUITests.swift in Sources */,
			);
			runOnlyForDeploymentPostprocessing = 0;
		};
/* End PBXSourcesBuildPhase section */

/* Begin PBXTargetDependency section */
		9EB7589B2CCCC0E800D77F6B /* PBXTargetDependency */ = {
			isa = PBXTargetDependency;
			target = 9EB7587F2CCCC0E600D77F6B /* OfcourseTodoApp */;
			targetProxy = 9EB7589A2CCCC0E800D77F6B /* PBXContainerItemProxy */;
		};
		9EB758A52CCCC0E800D77F6B /* PBXTargetDependency */ = {
			isa = PBXTargetDependency;
			target = 9EB7587F2CCCC0E600D77F6B /* OfcourseTodoApp */;
			targetProxy = 9EB758A42CCCC0E800D77F6B /* PBXContainerItemProxy */;
		};
/* End PBXTargetDependency section */

/* Begin PBXVariantGroup section */
		9EB758912CCCC0E800D77F6B /* LaunchScreen.storyboard */ = {
			isa = PBXVariantGroup;
			children = (
				9EB758922CCCC0E800D77F6B /* Base */,
			);
			name = LaunchScreen.storyboard;
			sourceTree = "<group>";
		};
/* End PBXVariantGroup section */

/* Begin XCBuildConfiguration section */
		9EB758AB2CCCC0E900D77F6B /* Debug */ = {
			isa = XCBuildConfiguration;
			buildSettings = {
				ALWAYS_SEARCH_USER_PATHS = NO;
				ASSETCATALOG_COMPILER_GENERATE_SWIFT_ASSET_SYMBOL_EXTENSIONS = YES;
				CLANG_ANALYZER_NONNULL = YES;
				CLANG_ANALYZER_NUMBER_OBJECT_CONVERSION = YES_AGGRESSIVE;
				CLANG_CXX_LANGUAGE_STANDARD = "gnu++20";
				CLANG_ENABLE_MODULES = YES;
				CLANG_ENABLE_OBJC_ARC = YES;
				CLANG_ENABLE_OBJC_WEAK = YES;
				CLANG_WARN_BLOCK_CAPTURE_AUTORELEASING = YES;
				CLANG_WARN_BOOL_CONVERSION = YES;
				CLANG_WARN_COMMA = YES;
				CLANG_WARN_CONSTANT_CONVERSION = YES;
				CLANG_WARN_DEPRECATED_OBJC_IMPLEMENTATIONS = YES;
				CLANG_WARN_DIRECT_OBJC_ISA_USAGE = YES_ERROR;
				CLANG_WARN_DOCUMENTATION_COMMENTS = YES;
				CLANG_WARN_EMPTY_BODY = YES;
				CLANG_WARN_ENUM_CONVERSION = YES;
				CLANG_WARN_INFINITE_RECURSION = YES;
				CLANG_WARN_INT_CONVERSION = YES;
				CLANG_WARN_NON_LITERAL_NULL_CONVERSION = YES;
				CLANG_WARN_OBJC_IMPLICIT_RETAIN_SELF = YES;
				CLANG_WARN_OBJC_LITERAL_CONVERSION = YES;
				CLANG_WARN_OBJC_ROOT_CLASS = YES_ERROR;
				CLANG_WARN_QUOTED_INCLUDE_IN_FRAMEWORK_HEADER = YES;
				CLANG_WARN_RANGE_LOOP_ANALYSIS = YES;
				CLANG_WARN_STRICT_PROTOTYPES = YES;
				CLANG_WARN_SUSPICIOUS_MOVE = YES;
				CLANG_WARN_UNGUARDED_AVAILABILITY = YES_AGGRESSIVE;
				CLANG_WARN_UNREACHABLE_CODE = YES;
				CLANG_WARN__DUPLICATE_METHOD_MATCH = YES;
				COPY_PHASE_STRIP = NO;
				DEBUG_INFORMATION_FORMAT = dwarf;
				ENABLE_STRICT_OBJC_MSGSEND = YES;
				ENABLE_TESTABILITY = YES;
				ENABLE_USER_SCRIPT_SANDBOXING = YES;
				GCC_C_LANGUAGE_STANDARD = gnu17;
				GCC_DYNAMIC_NO_PIC = NO;
				GCC_NO_COMMON_BLOCKS = YES;
				GCC_OPTIMIZATION_LEVEL = 0;
				GCC_PREPROCESSOR_DEFINITIONS = (
					"DEBUG=1",
					"$(inherited)",
				);
				GCC_WARN_64_TO_32_BIT_CONVERSION = YES;
				GCC_WARN_ABOUT_RETURN_TYPE = YES_ERROR;
				GCC_WARN_UNDECLARED_SELECTOR = YES;
				GCC_WARN_UNINITIALIZED_AUTOS = YES_AGGRESSIVE;
				GCC_WARN_UNUSED_FUNCTION = YES;
				GCC_WARN_UNUSED_VARIABLE = YES;
				IPHONEOS_DEPLOYMENT_TARGET = 17.4;
				LOCALIZATION_PREFERS_STRING_CATALOGS = YES;
				MTL_ENABLE_DEBUG_INFO = INCLUDE_SOURCE;
				MTL_FAST_MATH = YES;
				ONLY_ACTIVE_ARCH = YES;
				SDKROOT = iphoneos;
				SWIFT_ACTIVE_COMPILATION_CONDITIONS = "DEBUG $(inherited)";
				SWIFT_OPTIMIZATION_LEVEL = "-Onone";
			};
			name = Debug;
		};
		9EB758AC2CCCC0E900D77F6B /* Release */ = {
			isa = XCBuildConfiguration;
			buildSettings = {
				ALWAYS_SEARCH_USER_PATHS = NO;
				ASSETCATALOG_COMPILER_GENERATE_SWIFT_ASSET_SYMBOL_EXTENSIONS = YES;
				CLANG_ANALYZER_NONNULL = YES;
				CLANG_ANALYZER_NUMBER_OBJECT_CONVERSION = YES_AGGRESSIVE;
				CLANG_CXX_LANGUAGE_STANDARD = "gnu++20";
				CLANG_ENABLE_MODULES = YES;
				CLANG_ENABLE_OBJC_ARC = YES;
				CLANG_ENABLE_OBJC_WEAK = YES;
				CLANG_WARN_BLOCK_CAPTURE_AUTORELEASING = YES;
				CLANG_WARN_BOOL_CONVERSION = YES;
				CLANG_WARN_COMMA = YES;
				CLANG_WARN_CONSTANT_CONVERSION = YES;
				CLANG_WARN_DEPRECATED_OBJC_IMPLEMENTATIONS = YES;
				CLANG_WARN_DIRECT_OBJC_ISA_USAGE = YES_ERROR;
				CLANG_WARN_DOCUMENTATION_COMMENTS = YES;
				CLANG_WARN_EMPTY_BODY = YES;
				CLANG_WARN_ENUM_CONVERSION = YES;
				CLANG_WARN_INFINITE_RECURSION = YES;
				CLANG_WARN_INT_CONVERSION = YES;
				CLANG_WARN_NON_LITERAL_NULL_CONVERSION = YES;
				CLANG_WARN_OBJC_IMPLICIT_RETAIN_SELF = YES;
				CLANG_WARN_OBJC_LITERAL_CONVERSION = YES;
				CLANG_WARN_OBJC_ROOT_CLASS = YES_ERROR;
				CLANG_WARN_QUOTED_INCLUDE_IN_FRAMEWORK_HEADER = YES;
				CLANG_WARN_RANGE_LOOP_ANALYSIS = YES;
				CLANG_WARN_STRICT_PROTOTYPES = YES;
				CLANG_WARN_SUSPICIOUS_MOVE = YES;
				CLANG_WARN_UNGUARDED_AVAILABILITY = YES_AGGRESSIVE;
				CLANG_WARN_UNREACHABLE_CODE = YES;
				CLANG_WARN__DUPLICATE_METHOD_MATCH = YES;
				COPY_PHASE_STRIP = NO;
				DEBUG_INFORMATION_FORMAT = "dwarf-with-dsym";
				ENABLE_NS_ASSERTIONS = NO;
				ENABLE_STRICT_OBJC_MSGSEND = YES;
				ENABLE_USER_SCRIPT_SANDBOXING = YES;
				GCC_C_LANGUAGE_STANDARD = gnu17;
				GCC_NO_COMMON_BLOCKS = YES;
				GCC_WARN_64_TO_32_BIT_CONVERSION = YES;
				GCC_WARN_ABOUT_RETURN_TYPE = YES_ERROR;
				GCC_WARN_UNDECLARED_SELECTOR = YES;
				GCC_WARN_UNINITIALIZED_AUTOS = YES_AGGRESSIVE;
				GCC_WARN_UNUSED_FUNCTION = YES;
				GCC_WARN_UNUSED_VARIABLE = YES;
				IPHONEOS_DEPLOYMENT_TARGET = 17.4;
				LOCALIZATION_PREFERS_STRING_CATALOGS = YES;
				MTL_ENABLE_DEBUG_INFO = NO;
				MTL_FAST_MATH = YES;
				SDKROOT = iphoneos;
				SWIFT_COMPILATION_MODE = wholemodule;
				VALIDATE_PRODUCT = YES;
			};
			name = Release;
		};
		9EB758AE2CCCC0E900D77F6B /* Debug */ = {
			isa = XCBuildConfiguration;
			buildSettings = {
				ASSETCATALOG_COMPILER_APPICON_NAME = AppIcon;
				ASSETCATALOG_COMPILER_GLOBAL_ACCENT_COLOR_NAME = AccentColor;
				CODE_SIGN_STYLE = Automatic;
				CURRENT_PROJECT_VERSION = 1;
				DEVELOPMENT_TEAM = Z8F3V89KLU;
				GENERATE_INFOPLIST_FILE = YES;
				INFOPLIST_FILE = OfcourseTodoApp/Resources/Info.plist;
				INFOPLIST_KEY_UIApplicationSupportsIndirectInputEvents = YES;
				INFOPLIST_KEY_UILaunchStoryboardName = LaunchScreen;
				INFOPLIST_KEY_UIMainStoryboardFile = "";
				INFOPLIST_KEY_UISupportedInterfaceOrientations_iPad = "UIInterfaceOrientationPortrait UIInterfaceOrientationPortraitUpsideDown UIInterfaceOrientationLandscapeLeft UIInterfaceOrientationLandscapeRight";
				INFOPLIST_KEY_UISupportedInterfaceOrientations_iPhone = "UIInterfaceOrientationPortrait UIInterfaceOrientationLandscapeLeft UIInterfaceOrientationLandscapeRight";
				LD_RUNPATH_SEARCH_PATHS = (
					"$(inherited)",
					"@executable_path/Frameworks",
				);
				MARKETING_VERSION = 1.0;
				PRODUCT_BUNDLE_IDENTIFIER = romanovichi.OfcourseTodoApp;
				PRODUCT_NAME = "$(TARGET_NAME)";
				SWIFT_EMIT_LOC_STRINGS = YES;
				SWIFT_VERSION = 5.0;
				TARGETED_DEVICE_FAMILY = "1,2";
			};
			name = Debug;
		};
		9EB758AF2CCCC0E900D77F6B /* Release */ = {
			isa = XCBuildConfiguration;
			buildSettings = {
				ASSETCATALOG_COMPILER_APPICON_NAME = AppIcon;
				ASSETCATALOG_COMPILER_GLOBAL_ACCENT_COLOR_NAME = AccentColor;
				CODE_SIGN_STYLE = Automatic;
				CURRENT_PROJECT_VERSION = 1;
				DEVELOPMENT_TEAM = Z8F3V89KLU;
				GENERATE_INFOPLIST_FILE = YES;
				INFOPLIST_FILE = OfcourseTodoApp/Resources/Info.plist;
				INFOPLIST_KEY_UIApplicationSupportsIndirectInputEvents = YES;
				INFOPLIST_KEY_UILaunchStoryboardName = LaunchScreen;
				INFOPLIST_KEY_UIMainStoryboardFile = "";
				INFOPLIST_KEY_UISupportedInterfaceOrientations_iPad = "UIInterfaceOrientationPortrait UIInterfaceOrientationPortraitUpsideDown UIInterfaceOrientationLandscapeLeft UIInterfaceOrientationLandscapeRight";
				INFOPLIST_KEY_UISupportedInterfaceOrientations_iPhone = "UIInterfaceOrientationPortrait UIInterfaceOrientationLandscapeLeft UIInterfaceOrientationLandscapeRight";
				LD_RUNPATH_SEARCH_PATHS = (
					"$(inherited)",
					"@executable_path/Frameworks",
				);
				MARKETING_VERSION = 1.0;
				PRODUCT_BUNDLE_IDENTIFIER = romanovichi.OfcourseTodoApp;
				PRODUCT_NAME = "$(TARGET_NAME)";
				SWIFT_EMIT_LOC_STRINGS = YES;
				SWIFT_VERSION = 5.0;
				TARGETED_DEVICE_FAMILY = "1,2";
			};
			name = Release;
		};
		9EB758B12CCCC0E900D77F6B /* Debug */ = {
			isa = XCBuildConfiguration;
			buildSettings = {
				ALWAYS_EMBED_SWIFT_STANDARD_LIBRARIES = YES;
				BUNDLE_LOADER = "$(TEST_HOST)";
				CODE_SIGN_STYLE = Automatic;
				CURRENT_PROJECT_VERSION = 1;
				DEVELOPMENT_TEAM = Z8F3V89KLU;
				GENERATE_INFOPLIST_FILE = YES;
				IPHONEOS_DEPLOYMENT_TARGET = 17.4;
				MARKETING_VERSION = 1.0;
				PRODUCT_BUNDLE_IDENTIFIER = romanovichi.OfcourseTodoAppTests;
				PRODUCT_NAME = "$(TARGET_NAME)";
				SWIFT_EMIT_LOC_STRINGS = NO;
				SWIFT_VERSION = 5.0;
				TARGETED_DEVICE_FAMILY = "1,2";
				TEST_HOST = "$(BUILT_PRODUCTS_DIR)/OfcourseTodoApp.app/$(BUNDLE_EXECUTABLE_FOLDER_PATH)/OfcourseTodoApp";
			};
			name = Debug;
		};
		9EB758B22CCCC0E900D77F6B /* Release */ = {
			isa = XCBuildConfiguration;
			buildSettings = {
				ALWAYS_EMBED_SWIFT_STANDARD_LIBRARIES = YES;
				BUNDLE_LOADER = "$(TEST_HOST)";
				CODE_SIGN_STYLE = Automatic;
				CURRENT_PROJECT_VERSION = 1;
				DEVELOPMENT_TEAM = Z8F3V89KLU;
				GENERATE_INFOPLIST_FILE = YES;
				IPHONEOS_DEPLOYMENT_TARGET = 17.4;
				MARKETING_VERSION = 1.0;
				PRODUCT_BUNDLE_IDENTIFIER = romanovichi.OfcourseTodoAppTests;
				PRODUCT_NAME = "$(TARGET_NAME)";
				SWIFT_EMIT_LOC_STRINGS = NO;
				SWIFT_VERSION = 5.0;
				TARGETED_DEVICE_FAMILY = "1,2";
				TEST_HOST = "$(BUILT_PRODUCTS_DIR)/OfcourseTodoApp.app/$(BUNDLE_EXECUTABLE_FOLDER_PATH)/OfcourseTodoApp";
			};
			name = Release;
		};
		9EB758B42CCCC0E900D77F6B /* Debug */ = {
			isa = XCBuildConfiguration;
			buildSettings = {
				ALWAYS_EMBED_SWIFT_STANDARD_LIBRARIES = YES;
				CODE_SIGN_STYLE = Automatic;
				CURRENT_PROJECT_VERSION = 1;
				DEVELOPMENT_TEAM = Z8F3V89KLU;
				GENERATE_INFOPLIST_FILE = YES;
				MARKETING_VERSION = 1.0;
				PRODUCT_BUNDLE_IDENTIFIER = romanovichi.OfcourseTodoAppUITests;
				PRODUCT_NAME = "$(TARGET_NAME)";
				SWIFT_EMIT_LOC_STRINGS = NO;
				SWIFT_VERSION = 5.0;
				TARGETED_DEVICE_FAMILY = "1,2";
				TEST_TARGET_NAME = OfcourseTodoApp;
			};
			name = Debug;
		};
		9EB758B52CCCC0E900D77F6B /* Release */ = {
			isa = XCBuildConfiguration;
			buildSettings = {
				ALWAYS_EMBED_SWIFT_STANDARD_LIBRARIES = YES;
				CODE_SIGN_STYLE = Automatic;
				CURRENT_PROJECT_VERSION = 1;
				DEVELOPMENT_TEAM = Z8F3V89KLU;
				GENERATE_INFOPLIST_FILE = YES;
				MARKETING_VERSION = 1.0;
				PRODUCT_BUNDLE_IDENTIFIER = romanovichi.OfcourseTodoAppUITests;
				PRODUCT_NAME = "$(TARGET_NAME)";
				SWIFT_EMIT_LOC_STRINGS = NO;
				SWIFT_VERSION = 5.0;
				TARGETED_DEVICE_FAMILY = "1,2";
				TEST_TARGET_NAME = OfcourseTodoApp;
			};
			name = Release;
		};
/* End XCBuildConfiguration section */

/* Begin XCConfigurationList section */
		9EB7587B2CCCC0E600D77F6B /* Build configuration list for PBXProject "OfcourseTodoApp" */ = {
			isa = XCConfigurationList;
			buildConfigurations = (
				9EB758AB2CCCC0E900D77F6B /* Debug */,
				9EB758AC2CCCC0E900D77F6B /* Release */,
			);
			defaultConfigurationIsVisible = 0;
			defaultConfigurationName = Release;
		};
		9EB758AD2CCCC0E900D77F6B /* Build configuration list for PBXNativeTarget "OfcourseTodoApp" */ = {
			isa = XCConfigurationList;
			buildConfigurations = (
				9EB758AE2CCCC0E900D77F6B /* Debug */,
				9EB758AF2CCCC0E900D77F6B /* Release */,
			);
			defaultConfigurationIsVisible = 0;
			defaultConfigurationName = Release;
		};
		9EB758B02CCCC0E900D77F6B /* Build configuration list for PBXNativeTarget "OfcourseTodoAppTests" */ = {
			isa = XCConfigurationList;
			buildConfigurations = (
				9EB758B12CCCC0E900D77F6B /* Debug */,
				9EB758B22CCCC0E900D77F6B /* Release */,
			);
			defaultConfigurationIsVisible = 0;
			defaultConfigurationName = Release;
		};
		9EB758B32CCCC0E900D77F6B /* Build configuration list for PBXNativeTarget "OfcourseTodoAppUITests" */ = {
			isa = XCConfigurationList;
			buildConfigurations = (
				9EB758B42CCCC0E900D77F6B /* Debug */,
				9EB758B52CCCC0E900D77F6B /* Release */,
			);
			defaultConfigurationIsVisible = 0;
			defaultConfigurationName = Release;
		};
/* End XCConfigurationList section */

/* Begin XCRemoteSwiftPackageReference section */
		9EE80CBE2CD2CF79007F44DB /* XCRemoteSwiftPackageReference "RxSwift" */ = {
			isa = XCRemoteSwiftPackageReference;
			repositoryURL = "https://github.com/ReactiveX/RxSwift.git";
			requirement = {
				kind = upToNextMajorVersion;
				minimumVersion = 6.8.0;
			};
		};
/* End XCRemoteSwiftPackageReference section */

/* Begin XCSwiftPackageProductDependency section */
		9EE80CBF2CD2CF79007F44DB /* RxCocoa */ = {
			isa = XCSwiftPackageProductDependency;
			package = 9EE80CBE2CD2CF79007F44DB /* XCRemoteSwiftPackageReference "RxSwift" */;
			productName = RxCocoa;
		};
		9EE80CC12CD2CF79007F44DB /* RxRelay */ = {
			isa = XCSwiftPackageProductDependency;
			package = 9EE80CBE2CD2CF79007F44DB /* XCRemoteSwiftPackageReference "RxSwift" */;
			productName = RxRelay;
		};
/* End XCSwiftPackageProductDependency section */

/* Begin XCVersionGroup section */
		9EB7588C2CCCC0E600D77F6B /* OfcourseTodoApp.xcdatamodeld */ = {
			isa = XCVersionGroup;
			children = (
				9EB7588D2CCCC0E600D77F6B /* OfcourseTodoApp.xcdatamodel */,
			);
			currentVersion = 9EB7588D2CCCC0E600D77F6B /* OfcourseTodoApp.xcdatamodel */;
			path = OfcourseTodoApp.xcdatamodeld;
			sourceTree = "<group>";
			versionGroupType = wrapper.xcdatamodel;
		};
/* End XCVersionGroup section */
	};
	rootObject = 9EB758782CCCC0E600D77F6B /* Project object */;
}
